
Microsoft Visual Studio Solution File, Format Version 12.00
# Visual Studio Version 17
VisualStudioVersion = 17.5.33424.131
MinimumVisualStudioVersion = 10.0.40219.1
Project("{FAE04EC0-301F-11D3-BF4B-00C04F79EFBC}") = "ReservationSystem", "ReservationSystem.csproj", "{AB35FD7B-8435-4314-B76A-4267B1D013B7}"
EndProject
Global
	GlobalSection(SolutionConfigurationPlatforms) = preSolution
		Debug|Any CPU = Debug|Any CPU
		Release|Any CPU = Release|Any CPU
	EndGlobalSection
	GlobalSection(ProjectConfigurationPlatforms) = postSolution
		{AB35FD7B-8435-4314-B76A-4267B1D013B7}.Debug|Any CPU.ActiveCfg = Debug|Any CPU
		{AB35FD7B-8435-4314-B76A-4267B1D013B7}.Debug|Any CPU.Build.0 = Debug|Any CPU
		{AB35FD7B-8435-4314-B76A-4267B1D013B7}.Release|Any CPU.ActiveCfg = Release|Any CPU
		{AB35FD7B-8435-4314-B76A-4267B1D013B7}.Release|Any CPU.Build.0 = Release|Any CPU
	EndGlobalSection
	GlobalSection(SolutionProperties) = preSolution
		HideSolutionNode = FALSE
	EndGlobalSection
	GlobalSection(ExtensibilityGlobals) = postSolution
		SolutionGuid = {49DF553B-ABCF-4427-94CB-B61759E38858}
	EndGlobalSection
EndGlobal
